// !$*UTF8*$!
{
	archiveVersion = 1;
	classes = {
	};
	objectVersion = 55;
	objects = {

/* Begin PBXBuildFile section */
		7BD03FDA27F9D5FE00F0C60F /* AppDelegate.m in Sources */ = {isa = PBXBuildFile; fileRef = 7BD03FD927F9D5FE00F0C60F /* AppDelegate.m */; };
		7BD03FDD27F9D5FE00F0C60F /* SceneDelegate.m in Sources */ = {isa = PBXBuildFile; fileRef = 7BD03FDC27F9D5FE00F0C60F /* SceneDelegate.m */; };
		7BD03FE027F9D5FE00F0C60F /* ViewController.m in Sources */ = {isa = PBXBuildFile; fileRef = 7BD03FDF27F9D5FE00F0C60F /* ViewController.m */; };
		7BD03FE327F9D5FE00F0C60F /* Main.storyboard in Resources */ = {isa = PBXBuildFile; fileRef = 7BD03FE127F9D5FE00F0C60F /* Main.storyboard */; };
		7BD03FE527F9D5FE00F0C60F /* Assets.xcassets in Resources */ = {isa = PBXBuildFile; fileRef = 7BD03FE427F9D5FE00F0C60F /* Assets.xcassets */; };
		7BD03FE827F9D5FE00F0C60F /* LaunchScreen.storyboard in Resources */ = {isa = PBXBuildFile; fileRef = 7BD03FE627F9D5FE00F0C60F /* LaunchScreen.storyboard */; };
		7BD03FEB27F9D5FE00F0C60F /* main.m in Sources */ = {isa = PBXBuildFile; fileRef = 7BD03FEA27F9D5FE00F0C60F /* main.m */; };
/* End PBXBuildFile section */

/* Begin PBXFileReference section */
		7BD03FD527F9D5FE00F0C60F /* git_t1.app */ = {isa = PBXFileReference; explicitFileType = wrapper.application; includeInIndex = 0; path = git_t1.app; sourceTree = BUILT_PRODUCTS_DIR; };
		7BD03FD827F9D5FE00F0C60F /* AppDelegate.h */ = {isa = PBXFileReference; lastKnownFileType = sourcecode.c.h; path = AppDelegate.h; sourceTree = "<group>"; };
		7BD03FD927F9D5FE00F0C60F /* AppDelegate.m */ = {isa = PBXFileReference; lastKnownFileType = sourcecode.c.objc; path = AppDelegate.m; sourceTree = "<group>"; };
		7BD03FDB27F9D5FE00F0C60F /* SceneDelegate.h */ = {isa = PBXFileReference; lastKnownFileType = sourcecode.c.h; path = SceneDelegate.h; sourceTree = "<group>"; };
		7BD03FDC27F9D5FE00F0C60F /* SceneDelegate.m */ = {isa = PBXFileReference; lastKnownFileType = sourcecode.c.objc; path = SceneDelegate.m; sourceTree = "<group>"; };
		7BD03FDE27F9D5FE00F0C60F /* ViewController.h */ = {isa = PBXFileReference; lastKnownFileType = sourcecode.c.h; path = ViewController.h; sourceTree = "<group>"; };
		7BD03FDF27F9D5FE00F0C60F /* ViewController.m */ = {isa = PBXFileReference; lastKnownFileType = sourcecode.c.objc; path = ViewController.m; sourceTree = "<group>"; };
		7BD03FE227F9D5FE00F0C60F /* Base */ = {isa = PBXFileReference; lastKnownFileType = file.storyboard; name = Base; path = Base.lproj/Main.storyboard; sourceTree = "<group>"; };
		7BD03FE427F9D5FE00F0C60F /* Assets.xcassets */ = {isa = PBXFileReference; lastKnownFileType = folder.assetcatalog; path = Assets.xcassets; sourceTree = "<group>"; };
		7BD03FE727F9D5FE00F0C60F /* Base */ = {isa = PBXFileReference; lastKnownFileType = file.storyboard; name = Base; path = Base.lproj/LaunchScreen.storyboard; sourceTree = "<group>"; };
		7BD03FE927F9D5FE00F0C60F /* Info.plist */ = {isa = PBXFileReference; lastKnownFileType = text.plist.xml; path = Info.plist; sourceTree = "<group>"; };
		7BD03FEA27F9D5FE00F0C60F /* main.m */ = {isa = PBXFileReference; lastKnownFileType = sourcecode.c.objc; path = main.m; sourceTree = "<group>"; };
/* End PBXFileReference section */

/* Begin PBXFrameworksBuildPhase section */
		7BD03FD227F9D5FE00F0C60F /* Frameworks */ = {
			isa = PBXFrameworksBuildPhase;
			buildActionMask = 2147483647;
			files = (
			);
			runOnlyForDeploymentPostprocessing = 0;
		};
/* End PBXFrameworksBuildPhase section */

/* Begin PBXGroup section */
		7BD03FCC27F9D5FE00F0C60F = {
			isa = PBXGroup;
			children = (
				7BD03FD727F9D5FE00F0C60F /* git_t1 */,
				7BD03FD627F9D5FE00F0C60F /* Products */,
			);
			sourceTree = "<group>";
		};
		7BD03FD627F9D5FE00F0C60F /* Products */ = {
			isa = PBXGroup;
			children = (
				7BD03FD527F9D5FE00F0C60F /* git_t1.app */,
			);
			name = Products;
			sourceTree = "<group>";
		};
		7BD03FD727F9D5FE00F0C60F /* git_t1 */ = {
			isa = PBXGroup;
			children = (
				7BD03FD827F9D5FE00F0C60F /* AppDelegate.h */,
				7BD03FD927F9D5FE00F0C60F /* AppDelegate.m */,
				7BD03FDB27F9D5FE00F0C60F /* SceneDelegate.h */,
				7BD03FDC27F9D5FE00F0C60F /* SceneDelegate.m */,
				7BD03FDE27F9D5FE00F0C60F /* ViewController.h */,
				7BD03FDF27F9D5FE00F0C60F /* ViewController.m */,
				7BD03FE127F9D5FE00F0C60F /* Main.storyboard */,
				7BD03FE427F9D5FE00F0C60F /* Assets.xcassets */,
				7BD03FE627F9D5FE00F0C60F /* LaunchScreen.storyboard */,
				7BD03FE927F9D5FE00F0C60F /* Info.plist */,
				7BD03FEA27F9D5FE00F0C60F /* main.m */,
			);
			path = git_t1;
			sourceTree = "<group>";
		};
/* End PBXGroup section */

/* Begin PBXNativeTarget section */
		7BD03FD427F9D5FE00F0C60F /* git_t1 */ = {
			isa = PBXNativeTarget;
			buildConfigurationList = 7BD03FEE27F9D5FE00F0C60F /* Build configuration list for PBXNativeTarget "git_t1" */;
			buildPhases = (
				7BD03FD127F9D5FE00F0C60F /* Sources */,
				7BD03FD227F9D5FE00F0C60F /* Frameworks */,
				7BD03FD327F9D5FE00F0C60F /* Resources */,
			);
			buildRules = (
			);
			dependencies = (
			);
			name = git_t1;
			productName = git_t1;
			productReference = 7BD03FD527F9D5FE00F0C60F /* git_t1.app */;
			productType = "com.apple.product-type.application";
		};
/* End PBXNativeTarget section */

/* Begin PBXProject section */
		7BD03FCD27F9D5FE00F0C60F /* Project object */ = {
			isa = PBXProject;
			attributes = {
				BuildIndependentTargetsInParallel = 1;
				LastUpgradeCheck = 1320;
				TargetAttributes = {
					7BD03FD427F9D5FE00F0C60F = {
						CreatedOnToolsVersion = 13.2.1;
					};
				};
			};
			buildConfigurationList = 7BD03FD027F9D5FE00F0C60F /* Build configuration list for PBXProject "git_t1" */;
			compatibilityVersion = "Xcode 13.0";
			developmentRegion = en;
			hasScannedForEncodings = 0;
			knownRegions = (
				en,
				Base,
			);
			mainGroup = 7BD03FCC27F9D5FE00F0C60F;
			productRefGroup = 7BD03FD627F9D5FE00F0C60F /* Products */;
			projectDirPath = "";
			projectRoot = "";
			targets = (
				7BD03FD427F9D5FE00F0C60F /* git_t1 */,
			);
		};
/* End PBXProject section */

/* Begin PBXResourcesBuildPhase section */
		7BD03FD327F9D5FE00F0C60F /* Resources */ = {
			isa = PBXResourcesBuildPhase;
			buildActionMask = 2147483647;
			files = (
				7BD03FE827F9D5FE00F0C60F /* LaunchScreen.storyboard in Resources */,
				7BD03FE527F9D5FE00F0C60F /* Assets.xcassets in Resources */,
				7BD03FE327F9D5FE00F0C60F /* Main.storyboard in Resources */,
			);
			runOnlyForDeploymentPostprocessing = 0;
		};
/* End PBXResourcesBuildPhase section */

/* Begin PBXSourcesBuildPhase section */
		7BD03FD127F9D5FE00F0C60F /* Sources */ = {
			isa = PBXSourcesBuildPhase;
			buildActionMask = 2147483647;
			files = (
				7BD03FE027F9D5FE00F0C60F /* ViewController.m in Sources */,
				7BD03FDA27F9D5FE00F0C60F /* AppDelegate.m in Sources */,
				7BD03FEB27F9D5FE00F0C60F /* main.m in Sources */,
				7BD03FDD27F9D5FE00F0C60F /* SceneDelegate.m in Sources */,
			);
			runOnlyForDeploymentPostprocessing = 0;
		};
/* End PBXSourcesBuildPhase section */

/* Begin PBXVariantGroup section */
		7BD03FE127F9D5FE00F0C60F /* Main.storyboard */ = {
			isa = PBXVariantGroup;
			children = (
				7BD03FE227F9D5FE00F0C60F /* Base */,
			);
			name = Main.storyboard;
			sourceTree = "<group>";
		};
		7BD03FE627F9D5FE00F0C60F /* LaunchScreen.storyboard */ = {
			isa = PBXVariantGroup;
			children = (
				7BD03FE727F9D5FE00F0C60F /* Base */,
			);
			name = LaunchScreen.storyboard;
			sourceTree = "<group>";
		};
/* End PBXVariantGroup section */

/* Begin XCBuildConfiguration section */
		7BD03FEC27F9D5FE00F0C60F /* Debug */ = {
			isa = XCBuildConfiguration;
			buildSettings = {
				ALWAYS_SEARCH_USER_PATHS = NO;
				CLANG_ANALYZER_NONNULL = YES;
				CLANG_ANALYZER_NUMBER_OBJECT_CONVERSION = YES_AGGRESSIVE;
				CLANG_CXX_LANGUAGE_STANDARD = "gnu++17";
				CLANG_CXX_LIBRARY = "libc++";
				CLANG_ENABLE_MODULES = YES;
				CLANG_ENABLE_OBJC_ARC = YES;
				CLANG_ENABLE_OBJC_WEAK = YES;
				CLANG_WARN_BLOCK_CAPTURE_AUTORELEASING = YES;
				CLANG_WARN_BOOL_CONVERSION = YES;
				CLANG_WARN_COMMA = YES;
				CLANG_WARN_CONSTANT_CONVERSION = YES;
				CLANG_WARN_DEPRECATED_OBJC_IMPLEMENTATIONS = YES;
				CLANG_WARN_DIRECT_OBJC_ISA_USAGE = YES_ERROR;
				CLANG_WARN_DOCUMENTATION_COMMENTS = YES;
				CLANG_WARN_EMPTY_BODY = YES;
				CLANG_WARN_ENUM_CONVERSION = YES;
				CLANG_WARN_INFINITE_RECURSION = YES;
				CLANG_WARN_INT_CONVERSION = YES;
				CLANG_WARN_NON_LITERAL_NULL_CONVERSION = YES;
				CLANG_WARN_OBJC_IMPLICIT_RETAIN_SELF = YES;
				CLANG_WARN_OBJC_LITERAL_CONVERSION = YES;
				CLANG_WARN_OBJC_ROOT_CLASS = YES_ERROR;
				CLANG_WARN_QUOTED_INCLUDE_IN_FRAMEWORK_HEADER = YES;
				CLANG_WARN_RANGE_LOOP_ANALYSIS = YES;
				CLANG_WARN_STRICT_PROTOTYPES = YES;
				CLANG_WARN_SUSPICIOUS_MOVE = YES;
				CLANG_WARN_UNGUARDED_AVAILABILITY = YES_AGGRESSIVE;
				CLANG_WARN_UNREACHABLE_CODE = YES;
				CLANG_WARN__DUPLICATE_METHOD_MATCH = YES;
				COPY_PHASE_STRIP = NO;
				DEBUG_INFORMATION_FORMAT = dwarf;
				ENABLE_STRICT_OBJC_MSGSEND = YES;
				ENABLE_TESTABILITY = YES;
				GCC_C_LANGUAGE_STANDARD = gnu11;
				GCC_DYNAMIC_NO_PIC = NO;
				GCC_NO_COMMON_BLOCKS = YES;
				GCC_OPTIMIZATION_LEVEL = 0;
				GCC_PREPROCESSOR_DEFINITIONS = (
					"DEBUG=1",
					"$(inherited)",
				);
				GCC_WARN_64_TO_32_BIT_CONVERSION = YES;
				GCC_WARN_ABOUT_RETURN_TYPE = YES_ERROR;
				GCC_WARN_UNDECLARED_SELECTOR = YES;
				GCC_WARN_UNINITIALIZED_AUTOS = YES_AGGRESSIVE;
				GCC_WARN_UNUSED_FUNCTION = YES;
				GCC_WARN_UNUSED_VARIABLE = YES;
				IPHONEOS_DEPLOYMENT_TARGET = 15.2;
				MTL_ENABLE_DEBUG_INFO = INCLUDE_SOURCE;
				MTL_FAST_MATH = YES;
				ONLY_ACTIVE_ARCH = YES;
				SDKROOT = iphoneos;
			};
			name = Debug;
		};
		7BD03FED27F9D5FE00F0C60F /* Release */ = {
			isa = XCBuildConfiguration;
			buildSettings = {
				ALWAYS_SEARCH_USER_PATHS = NO;
				CLANG_ANALYZER_NONNULL = YES;
				CLANG_ANALYZER_NUMBER_OBJECT_CONVERSION = YES_AGGRESSIVE;
				CLANG_CXX_LANGUAGE_STANDARD = "gnu++17";
				CLANG_CXX_LIBRARY = "libc++";
				CLANG_ENABLE_MODULES = YES;
				CLANG_ENABLE_OBJC_ARC = YES;
				CLANG_ENABLE_OBJC_WEAK = YES;
				CLANG_WARN_BLOCK_CAPTURE_AUTORELEASING = YES;
				CLANG_WARN_BOOL_CONVERSION = YES;
				CLANG_WARN_COMMA = YES;
				CLANG_WARN_CONSTANT_CONVERSION = YES;
				CLANG_WARN_DEPRECATED_OBJC_IMPLEMENTATIONS = YES;
				CLANG_WARN_DIRECT_OBJC_ISA_USAGE = YES_ERROR;
				CLANG_WARN_DOCUMENTATION_COMMENTS = YES;
				CLANG_WARN_EMPTY_BODY = YES;
				CLANG_WARN_ENUM_CONVERSION = YES;
				CLANG_WARN_INFINITE_RECURSION = YES;
				CLANG_WARN_INT_CONVERSION = YES;
				CLANG_WARN_NON_LITERAL_NULL_CONVERSION = YES;
				CLANG_WARN_OBJC_IMPLICIT_RETAIN_SELF = YES;
				CLANG_WARN_OBJC_LITERAL_CONVERSION = YES;
				CLANG_WARN_OBJC_ROOT_CLASS = YES_ERROR;
				CLANG_WARN_QUOTED_INCLUDE_IN_FRAMEWORK_HEADER = YES;
				CLANG_WARN_RANGE_LOOP_ANALYSIS = YES;
				CLANG_WARN_STRICT_PROTOTYPES = YES;
				CLANG_WARN_SUSPICIOUS_MOVE = YES;
				CLANG_WARN_UNGUARDED_AVAILABILITY = YES_AGGRESSIVE;
				CLANG_WARN_UNREACHABLE_CODE = YES;
				CLANG_WARN__DUPLICATE_METHOD_MATCH = YES;
				COPY_PHASE_STRIP = NO;
				DEBUG_INFORMATION_FORMAT = "dwarf-with-dsym";
				ENABLE_NS_ASSERTIONS = NO;
				ENABLE_STRICT_OBJC_MSGSEND = YES;
				GCC_C_LANGUAGE_STANDARD = gnu11;
				GCC_NO_COMMON_BLOCKS = YES;
				GCC_WARN_64_TO_32_BIT_CONVERSION = YES;
				GCC_WARN_ABOUT_RETURN_TYPE = YES_ERROR;
				GCC_WARN_UNDECLARED_SELECTOR = YES;
				GCC_WARN_UNINITIALIZED_AUTOS = YES_AGGRESSIVE;
				GCC_WARN_UNUSED_FUNCTION = YES;
				GCC_WARN_UNUSED_VARIABLE = YES;
				IPHONEOS_DEPLOYMENT_TARGET = 15.2;
				MTL_ENABLE_DEBUG_INFO = NO;
				MTL_FAST_MATH = YES;
				SDKROOT = iphoneos;
				VALIDATE_PRODUCT = YES;
			};
			name = Release;
		};
		7BD03FEF27F9D5FE00F0C60F /* Debug */ = {
			isa = XCBuildConfiguration;
			buildSettings = {
				ASSETCATALOG_COMPILER_APPICON_NAME = AppIcon;
				ASSETCATALOG_COMPILER_GLOBAL_ACCENT_COLOR_NAME = AccentColor;
				CODE_SIGN_STYLE = Automatic;
				CURRENT_PROJECT_VERSION = 1;
				DEVELOPMENT_TEAM = 2V9N28Q32G;
				GENERATE_INFOPLIST_FILE = YES;
				INFOPLIST_FILE = git_t1/Info.plist;
				INFOPLIST_KEY_UIApplicationSupportsIndirectInputEvents = YES;
				INFOPLIST_KEY_UILaunchStoryboardName = LaunchScreen;
				INFOPLIST_KEY_UIMainStoryboardFile = Main;
				INFOPLIST_KEY_UISupportedInterfaceOrientations_iPad = "UIInterfaceOrientationPortrait UIInterfaceOrientationPortraitUpsideDown UIInterfaceOrientationLandscapeLeft UIInterfaceOrientationLandscapeRight";
				INFOPLIST_KEY_UISupportedInterfaceOrientations_iPhone = "UIInterfaceOrientationPortrait UIInterfaceOrientationLandscapeLeft UIInterfaceOrientationLandscapeRight";
				LD_RUNPATH_SEARCH_PATHS = (
					"$(inherited)",
					"@executable_path/Frameworks",
				);
				MARKETING_VERSION = 1.0;
				PRODUCT_BUNDLE_IDENTIFIER = "bar7c6.git-t1";
				PRODUCT_NAME = "$(TARGET_NAME)";
				SWIFT_EMIT_LOC_STRINGS = YES;
				TARGETED_DEVICE_FAMILY = "1,2";
			};
			name = Debug;
		};
		7BD03FF027F9D5FE00F0C60F /* Release */ = {
			isa = XCBuildConfiguration;
			buildSettings = {
				ASSETCATALOG_COMPILER_APPICON_NAME = AppIcon;
				ASSETCATALOG_COMPILER_GLOBAL_ACCENT_COLOR_NAME = AccentColor;
				CODE_SIGN_STYLE = Automatic;
				CURRENT_PROJECT_VERSION = 1;
				DEVELOPMENT_TEAM = 2V9N28Q32G;
				GENERATE_INFOPLIST_FILE = YES;
				INFOPLIST_FILE = git_t1/Info.plist;
				INFOPLIST_KEY_UIApplicationSupportsIndirectInputEvents = YES;
				INFOPLIST_KEY_UILaunchStoryboardName = LaunchScreen;
				INFOPLIST_KEY_UIMainStoryboardFile = Main;
				INFOPLIST_KEY_UISupportedInterfaceOrientations_iPad = "UIInterfaceOrientationPortrait UIInterfaceOrientationPortraitUpsideDown UIInterfaceOrientationLandscapeLeft UIInterfaceOrientationLandscapeRight";
				INFOPLIST_KEY_UISupportedInterfaceOrientations_iPhone = "UIInterfaceOrientationPortrait UIInterfaceOrientationLandscapeLeft UIInterfaceOrientationLandscapeRight";
				LD_RUNPATH_SEARCH_PATHS = (
					"$(inherited)",
					"@executable_path/Frameworks",
				);
				MARKETING_VERSION = 1.0;
				PRODUCT_BUNDLE_IDENTIFIER = "bar7c6.git-t1";
				PRODUCT_NAME = "$(TARGET_NAME)";
				SWIFT_EMIT_LOC_STRINGS = YES;
				TARGETED_DEVICE_FAMILY = "1,2";
			};
			name = Release;
		};
/* End XCBuildConfiguration section */

/* Begin XCConfigurationList section */
		7BD03FD027F9D5FE00F0C60F /* Build configuration list for PBXProject "git_t1" */ = {
			isa = XCConfigurationList;
			buildConfigurations = (
				7BD03FEC27F9D5FE00F0C60F /* Debug */,
				7BD03FED27F9D5FE00F0C60F /* Release */,
			);
			defaultConfigurationIsVisible = 0;
			defaultConfigurationName = Release;
		};
		7BD03FEE27F9D5FE00F0C60F /* Build configuration list for PBXNativeTarget "git_t1" */ = {
			isa = XCConfigurationList;
			buildConfigurations = (
				7BD03FEF27F9D5FE00F0C60F /* Debug */,
				7BD03FF027F9D5FE00F0C60F /* Release */,
			);
			defaultConfigurationIsVisible = 0;
			defaultConfigurationName = Release;
		};
/* End XCConfigurationList section */
	};
	rootObject = 7BD03FCD27F9D5FE00F0C60F /* Project object */;
}
